
Microsoft Visual Studio Solution File, Format Version 12.00
# Visual Studio 15
Project("{FAE04EC0-301F-11D3-BF4B-00C04F79EFBC}") = "Assembly-CSharp", "Assembly-CSharp.csproj", "{B96E253E-798D-4F17-E7A4-A5B7339A704C}"
EndProject
Project("{FAE04EC0-301F-11D3-BF4B-00C04F79EFBC}") = "Assembly-CSharp-Editor", "Assembly-CSharp-Editor.csproj", "{95CC6EEA-1F79-8439-3198-56566D4001EB}"
EndProject
Global
	GlobalSection(SolutionConfigurationPlatforms) = preSolution
		Debug|Any CPU = Debug|Any CPU
		Release|Any CPU = Release|Any CPU
	EndGlobalSection
	GlobalSection(ProjectConfigurationPlatforms) = postSolution
		{B96E253E-798D-4F17-E7A4-A5B7339A704C}.Debug|Any CPU.ActiveCfg = Debug|Any CPU
		{B96E253E-798D-4F17-E7A4-A5B7339A704C}.Debug|Any CPU.Build.0 = Debug|Any CPU
		{B96E253E-798D-4F17-E7A4-A5B7339A704C}.Release|Any CPU.ActiveCfg = Release|Any CPU
		{B96E253E-798D-4F17-E7A4-A5B7339A704C}.Release|Any CPU.Build.0 = Release|Any CPU
		{95CC6EEA-1F79-8439-3198-56566D4001EB}.Debug|Any CPU.ActiveCfg = Debug|Any CPU
		{95CC6EEA-1F79-8439-3198-56566D4001EB}.Debug|Any CPU.Build.0 = Debug|Any CPU
		{95CC6EEA-1F79-8439-3198-56566D4001EB}.Release|Any CPU.ActiveCfg = Release|Any CPU
		{95CC6EEA-1F79-8439-3198-56566D4001EB}.Release|Any CPU.Build.0 = Release|Any CPU
	EndGlobalSection
	GlobalSection(SolutionProperties) = preSolution
		HideSolutionNode = FALSE
	EndGlobalSection
EndGlobal
